// !$*UTF8*$!
{
	archiveVersion = 1;
	classes = {
	};
	objectVersion = 48;
	objects = {

/* Begin PBXBuildFile section */
		06FE6DA32CFFF0AF6F8EABCC /* Pods_CustomCameraUITests.framework in Frameworks */ = {isa = PBXBuildFile; fileRef = E2C570D28D5C2392460B1568 /* Pods_CustomCameraUITests.framework */; };
		29791C011F8E01160022A6E5 /* AppDelegate.m in Sources */ = {isa = PBXBuildFile; fileRef = 29791C001F8E01160022A6E5 /* AppDelegate.m */; };
		29791C041F8E01160022A6E5 /* ViewController.m in Sources */ = {isa = PBXBuildFile; fileRef = 29791C031F8E01160022A6E5 /* ViewController.m */; };
		29791C071F8E01160022A6E5 /* Main.storyboard in Resources */ = {isa = PBXBuildFile; fileRef = 29791C051F8E01160022A6E5 /* Main.storyboard */; };
		29791C091F8E01160022A6E5 /* Assets.xcassets in Resources */ = {isa = PBXBuildFile; fileRef = 29791C081F8E01160022A6E5 /* Assets.xcassets */; };
		29791C0C1F8E01160022A6E5 /* LaunchScreen.storyboard in Resources */ = {isa = PBXBuildFile; fileRef = 29791C0A1F8E01160022A6E5 /* LaunchScreen.storyboard */; };
		29791C0F1F8E01160022A6E5 /* main.m in Sources */ = {isa = PBXBuildFile; fileRef = 29791C0E1F8E01160022A6E5 /* main.m */; };
		29791C191F8E01160022A6E5 /* CustomCameraTests.m in Sources */ = {isa = PBXBuildFile; fileRef = 29791C181F8E01160022A6E5 /* CustomCameraTests.m */; };
		29791C241F8E01160022A6E5 /* CustomCameraUITests.m in Sources */ = {isa = PBXBuildFile; fileRef = 29791C231F8E01160022A6E5 /* CustomCameraUITests.m */; };
		8C9E138E6783DD1519A3E57F /* Pods_CustomCameraTests.framework in Frameworks */ = {isa = PBXBuildFile; fileRef = 11DEC4921A06A4C355F5E167 /* Pods_CustomCameraTests.framework */; };
		B919CB2CE8841C2EF277163F /* Pods_CustomCamera.framework in Frameworks */ = {isa = PBXBuildFile; fileRef = 547B1BB74B36FD91A566DE41 /* Pods_CustomCamera.framework */; };
/* End PBXBuildFile section */

/* Begin PBXContainerItemProxy section */
		29791C151F8E01160022A6E5 /* PBXContainerItemProxy */ = {
			isa = PBXContainerItemProxy;
			containerPortal = 29791BF41F8E01160022A6E5 /* Project object */;
			proxyType = 1;
			remoteGlobalIDString = 29791BFB1F8E01160022A6E5;
			remoteInfo = CustomCamera;
		};
		29791C201F8E01160022A6E5 /* PBXContainerItemProxy */ = {
			isa = PBXContainerItemProxy;
			containerPortal = 29791BF41F8E01160022A6E5 /* Project object */;
			proxyType = 1;
			remoteGlobalIDString = 29791BFB1F8E01160022A6E5;
			remoteInfo = CustomCamera;
		};
/* End PBXContainerItemProxy section */

/* Begin PBXFileReference section */
		02A8600E4F13E967D6C029C0 /* Pods-CustomCameraTests.debug.xcconfig */ = {isa = PBXFileReference; includeInIndex = 1; lastKnownFileType = text.xcconfig; name = "Pods-CustomCameraTests.debug.xcconfig"; path = "Pods/Target Support Files/Pods-CustomCameraTests/Pods-CustomCameraTests.debug.xcconfig"; sourceTree = "<group>"; };
		0907D0220E3FEB01872809A0 /* Pods-CustomCameraTests.release.xcconfig */ = {isa = PBXFileReference; includeInIndex = 1; lastKnownFileType = text.xcconfig; name = "Pods-CustomCameraTests.release.xcconfig"; path = "Pods/Target Support Files/Pods-CustomCameraTests/Pods-CustomCameraTests.release.xcconfig"; sourceTree = "<group>"; };
		0A1207525D0984C629A298B0 /* Pods-CustomCameraUITests.release.xcconfig */ = {isa = PBXFileReference; includeInIndex = 1; lastKnownFileType = text.xcconfig; name = "Pods-CustomCameraUITests.release.xcconfig"; path = "Pods/Target Support Files/Pods-CustomCameraUITests/Pods-CustomCameraUITests.release.xcconfig"; sourceTree = "<group>"; };
		11DEC4921A06A4C355F5E167 /* Pods_CustomCameraTests.framework */ = {isa = PBXFileReference; explicitFileType = wrapper.framework; includeInIndex = 0; path = Pods_CustomCameraTests.framework; sourceTree = BUILT_PRODUCTS_DIR; };
		29791BFC1F8E01160022A6E5 /* CustomCamera.app */ = {isa = PBXFileReference; explicitFileType = wrapper.application; includeInIndex = 0; path = CustomCamera.app; sourceTree = BUILT_PRODUCTS_DIR; };
		29791BFF1F8E01160022A6E5 /* AppDelegate.h */ = {isa = PBXFileReference; lastKnownFileType = sourcecode.c.h; path = AppDelegate.h; sourceTree = "<group>"; };
		29791C001F8E01160022A6E5 /* AppDelegate.m */ = {isa = PBXFileReference; lastKnownFileType = sourcecode.c.objc; path = AppDelegate.m; sourceTree = "<group>"; };
		29791C021F8E01160022A6E5 /* ViewController.h */ = {isa = PBXFileReference; lastKnownFileType = sourcecode.c.h; path = ViewController.h; sourceTree = "<group>"; };
		29791C031F8E01160022A6E5 /* ViewController.m */ = {isa = PBXFileReference; lastKnownFileType = sourcecode.c.objc; path = ViewController.m; sourceTree = "<group>"; };
		29791C061F8E01160022A6E5 /* Base */ = {isa = PBXFileReference; lastKnownFileType = file.storyboard; name = Base; path = Base.lproj/Main.storyboard; sourceTree = "<group>"; };
		29791C081F8E01160022A6E5 /* Assets.xcassets */ = {isa = PBXFileReference; lastKnownFileType = folder.assetcatalog; path = Assets.xcassets; sourceTree = "<group>"; };
		29791C0B1F8E01160022A6E5 /* Base */ = {isa = PBXFileReference; lastKnownFileType = file.storyboard; name = Base; path = Base.lproj/LaunchScreen.storyboard; sourceTree = "<group>"; };
		29791C0D1F8E01160022A6E5 /* Info.plist */ = {isa = PBXFileReference; lastKnownFileType = text.plist.xml; path = Info.plist; sourceTree = "<group>"; };
		29791C0E1F8E01160022A6E5 /* main.m */ = {isa = PBXFileReference; lastKnownFileType = sourcecode.c.objc; path = main.m; sourceTree = "<group>"; };
		29791C141F8E01160022A6E5 /* CustomCameraTests.xctest */ = {isa = PBXFileReference; explicitFileType = wrapper.cfbundle; includeInIndex = 0; path = CustomCameraTests.xctest; sourceTree = BUILT_PRODUCTS_DIR; };
		29791C181F8E01160022A6E5 /* CustomCameraTests.m */ = {isa = PBXFileReference; lastKnownFileType = sourcecode.c.objc; path = CustomCameraTests.m; sourceTree = "<group>"; };
		29791C1A1F8E01160022A6E5 /* Info.plist */ = {isa = PBXFileReference; lastKnownFileType = text.plist.xml; path = Info.plist; sourceTree = "<group>"; };
		29791C1F1F8E01160022A6E5 /* CustomCameraUITests.xctest */ = {isa = PBXFileReference; explicitFileType = wrapper.cfbundle; includeInIndex = 0; path = CustomCameraUITests.xctest; sourceTree = BUILT_PRODUCTS_DIR; };
		29791C231F8E01160022A6E5 /* CustomCameraUITests.m */ = {isa = PBXFileReference; lastKnownFileType = sourcecode.c.objc; path = CustomCameraUITests.m; sourceTree = "<group>"; };
		29791C251F8E01160022A6E5 /* Info.plist */ = {isa = PBXFileReference; lastKnownFileType = text.plist.xml; path = Info.plist; sourceTree = "<group>"; };
		547B1BB74B36FD91A566DE41 /* Pods_CustomCamera.framework */ = {isa = PBXFileReference; explicitFileType = wrapper.framework; includeInIndex = 0; path = Pods_CustomCamera.framework; sourceTree = BUILT_PRODUCTS_DIR; };
		83C295C29418BA70EEA4CAE8 /* Pods-CustomCamera.release.xcconfig */ = {isa = PBXFileReference; includeInIndex = 1; lastKnownFileType = text.xcconfig; name = "Pods-CustomCamera.release.xcconfig"; path = "Pods/Target Support Files/Pods-CustomCamera/Pods-CustomCamera.release.xcconfig"; sourceTree = "<group>"; };
		CDA5A299A729819C1C9392D9 /* Pods-CustomCamera.debug.xcconfig */ = {isa = PBXFileReference; includeInIndex = 1; lastKnownFileType = text.xcconfig; name = "Pods-CustomCamera.debug.xcconfig"; path = "Pods/Target Support Files/Pods-CustomCamera/Pods-CustomCamera.debug.xcconfig"; sourceTree = "<group>"; };
		E2C570D28D5C2392460B1568 /* Pods_CustomCameraUITests.framework */ = {isa = PBXFileReference; explicitFileType = wrapper.framework; includeInIndex = 0; path = Pods_CustomCameraUITests.framework; sourceTree = BUILT_PRODUCTS_DIR; };
		FA6EA1965FC442A8C4E5D815 /* Pods-CustomCameraUITests.debug.xcconfig */ = {isa = PBXFileReference; includeInIndex = 1; lastKnownFileType = text.xcconfig; name = "Pods-CustomCameraUITests.debug.xcconfig"; path = "Pods/Target Support Files/Pods-CustomCameraUITests/Pods-CustomCameraUITests.debug.xcconfig"; sourceTree = "<group>"; };
/* End PBXFileReference section */

/* Begin PBXFrameworksBuildPhase section */
		29791BF91F8E01160022A6E5 /* Frameworks */ = {
			isa = PBXFrameworksBuildPhase;
			buildActionMask = 2147483647;
			files = (
				B919CB2CE8841C2EF277163F /* Pods_CustomCamera.framework in Frameworks */,
			);
			runOnlyForDeploymentPostprocessing = 0;
		};
		29791C111F8E01160022A6E5 /* Frameworks */ = {
			isa = PBXFrameworksBuildPhase;
			buildActionMask = 2147483647;
			files = (
				8C9E138E6783DD1519A3E57F /* Pods_CustomCameraTests.framework in Frameworks */,
			);
			runOnlyForDeploymentPostprocessing = 0;
		};
		29791C1C1F8E01160022A6E5 /* Frameworks */ = {
			isa = PBXFrameworksBuildPhase;
			buildActionMask = 2147483647;
			files = (
				06FE6DA32CFFF0AF6F8EABCC /* Pods_CustomCameraUITests.framework in Frameworks */,
			);
			runOnlyForDeploymentPostprocessing = 0;
		};
/* End PBXFrameworksBuildPhase section */

/* Begin PBXGroup section */
		29791BF31F8E01160022A6E5 = {
			isa = PBXGroup;
			children = (
				29791BFE1F8E01160022A6E5 /* CustomCamera */,
				29791C171F8E01160022A6E5 /* CustomCameraTests */,
				29791C221F8E01160022A6E5 /* CustomCameraUITests */,
				29791BFD1F8E01160022A6E5 /* Products */,
				5C6EA1BF4626146C6CFAB11F /* Pods */,
				C13710827AB54FB5E6C84543 /* Frameworks */,
			);
			sourceTree = "<group>";
		};
		29791BFD1F8E01160022A6E5 /* Products */ = {
			isa = PBXGroup;
			children = (
				29791BFC1F8E01160022A6E5 /* CustomCamera.app */,
				29791C141F8E01160022A6E5 /* CustomCameraTests.xctest */,
				29791C1F1F8E01160022A6E5 /* CustomCameraUITests.xctest */,
			);
			name = Products;
			sourceTree = "<group>";
		};
		29791BFE1F8E01160022A6E5 /* CustomCamera */ = {
			isa = PBXGroup;
			children = (
				29791BFF1F8E01160022A6E5 /* AppDelegate.h */,
				29791C001F8E01160022A6E5 /* AppDelegate.m */,
				29791C021F8E01160022A6E5 /* ViewController.h */,
				29791C031F8E01160022A6E5 /* ViewController.m */,
				29791C051F8E01160022A6E5 /* Main.storyboard */,
				29791C081F8E01160022A6E5 /* Assets.xcassets */,
				29791C0A1F8E01160022A6E5 /* LaunchScreen.storyboard */,
				29791C0D1F8E01160022A6E5 /* Info.plist */,
				29791C0E1F8E01160022A6E5 /* main.m */,
			);
			path = CustomCamera;
			sourceTree = "<group>";
		};
		29791C171F8E01160022A6E5 /* CustomCameraTests */ = {
			isa = PBXGroup;
			children = (
				29791C181F8E01160022A6E5 /* CustomCameraTests.m */,
				29791C1A1F8E01160022A6E5 /* Info.plist */,
			);
			path = CustomCameraTests;
			sourceTree = "<group>";
		};
		29791C221F8E01160022A6E5 /* CustomCameraUITests */ = {
			isa = PBXGroup;
			children = (
				29791C231F8E01160022A6E5 /* CustomCameraUITests.m */,
				29791C251F8E01160022A6E5 /* Info.plist */,
			);
			path = CustomCameraUITests;
			sourceTree = "<group>";
		};
		5C6EA1BF4626146C6CFAB11F /* Pods */ = {
			isa = PBXGroup;
			children = (
				CDA5A299A729819C1C9392D9 /* Pods-CustomCamera.debug.xcconfig */,
				83C295C29418BA70EEA4CAE8 /* Pods-CustomCamera.release.xcconfig */,
				02A8600E4F13E967D6C029C0 /* Pods-CustomCameraTests.debug.xcconfig */,
				0907D0220E3FEB01872809A0 /* Pods-CustomCameraTests.release.xcconfig */,
				FA6EA1965FC442A8C4E5D815 /* Pods-CustomCameraUITests.debug.xcconfig */,
				0A1207525D0984C629A298B0 /* Pods-CustomCameraUITests.release.xcconfig */,
			);
			name = Pods;
			sourceTree = "<group>";
		};
		C13710827AB54FB5E6C84543 /* Frameworks */ = {
			isa = PBXGroup;
			children = (
				547B1BB74B36FD91A566DE41 /* Pods_CustomCamera.framework */,
				11DEC4921A06A4C355F5E167 /* Pods_CustomCameraTests.framework */,
				E2C570D28D5C2392460B1568 /* Pods_CustomCameraUITests.framework */,
			);
			name = Frameworks;
			sourceTree = "<group>";
		};
/* End PBXGroup section */

/* Begin PBXNativeTarget section */
		29791BFB1F8E01160022A6E5 /* CustomCamera */ = {
			isa = PBXNativeTarget;
			buildConfigurationList = 29791C281F8E01160022A6E5 /* Build configuration list for PBXNativeTarget "CustomCamera" */;
			buildPhases = (
				45EB7D34325A9D48CD21F9C1 /* [CP] Check Pods Manifest.lock */,
				29791BF81F8E01160022A6E5 /* Sources */,
				29791BF91F8E01160022A6E5 /* Frameworks */,
				29791BFA1F8E01160022A6E5 /* Resources */,
				04917F018572956A0C1B3604 /* [CP] Embed Pods Frameworks */,
				F0B6944C618B100B6AFB3FDE /* [CP] Copy Pods Resources */,
			);
			buildRules = (
			);
			dependencies = (
			);
			name = CustomCamera;
			productName = CustomCamera;
			productReference = 29791BFC1F8E01160022A6E5 /* CustomCamera.app */;
			productType = "com.apple.product-type.application";
		};
		29791C131F8E01160022A6E5 /* CustomCameraTests */ = {
			isa = PBXNativeTarget;
			buildConfigurationList = 29791C2B1F8E01160022A6E5 /* Build configuration list for PBXNativeTarget "CustomCameraTests" */;
			buildPhases = (
				58455392319AECA2ADA97335 /* [CP] Check Pods Manifest.lock */,
				29791C101F8E01160022A6E5 /* Sources */,
				29791C111F8E01160022A6E5 /* Frameworks */,
				29791C121F8E01160022A6E5 /* Resources */,
				A166FA45D8381633E32CA548 /* [CP] Embed Pods Frameworks */,
				0BB942C3060C2C08FE6FFFC6 /* [CP] Copy Pods Resources */,
			);
			buildRules = (
			);
			dependencies = (
				29791C161F8E01160022A6E5 /* PBXTargetDependency */,
			);
			name = CustomCameraTests;
			productName = CustomCameraTests;
			productReference = 29791C141F8E01160022A6E5 /* CustomCameraTests.xctest */;
			productType = "com.apple.product-type.bundle.unit-test";
		};
		29791C1E1F8E01160022A6E5 /* CustomCameraUITests */ = {
			isa = PBXNativeTarget;
			buildConfigurationList = 29791C2E1F8E01160022A6E5 /* Build configuration list for PBXNativeTarget "CustomCameraUITests" */;
			buildPhases = (
				4BEC1DD795B28AF50C500B16 /* [CP] Check Pods Manifest.lock */,
				29791C1B1F8E01160022A6E5 /* Sources */,
				29791C1C1F8E01160022A6E5 /* Frameworks */,
				29791C1D1F8E01160022A6E5 /* Resources */,
				8B176F01A544240655732471 /* [CP] Embed Pods Frameworks */,
				EE2F59A030444C9411674821 /* [CP] Copy Pods Resources */,
			);
			buildRules = (
			);
			dependencies = (
				29791C211F8E01160022A6E5 /* PBXTargetDependency */,
			);
			name = CustomCameraUITests;
			productName = CustomCameraUITests;
			productReference = 29791C1F1F8E01160022A6E5 /* CustomCameraUITests.xctest */;
			productType = "com.apple.product-type.bundle.ui-testing";
		};
/* End PBXNativeTarget section */

/* Begin PBXProject section */
		29791BF41F8E01160022A6E5 /* Project object */ = {
			isa = PBXProject;
			attributes = {
				LastUpgradeCheck = 0900;
				ORGANIZATIONNAME = "浙江艾卡资产管理有限公司";
				TargetAttributes = {
					29791BFB1F8E01160022A6E5 = {
						CreatedOnToolsVersion = 9.0;
						ProvisioningStyle = Automatic;
					};
					29791C131F8E01160022A6E5 = {
						CreatedOnToolsVersion = 9.0;
						ProvisioningStyle = Automatic;
						TestTargetID = 29791BFB1F8E01160022A6E5;
					};
					29791C1E1F8E01160022A6E5 = {
						CreatedOnToolsVersion = 9.0;
						ProvisioningStyle = Automatic;
						TestTargetID = 29791BFB1F8E01160022A6E5;
					};
				};
			};
			buildConfigurationList = 29791BF71F8E01160022A6E5 /* Build configuration list for PBXProject "CustomCamera" */;
			compatibilityVersion = "Xcode 8.0";
			developmentRegion = en;
			hasScannedForEncodings = 0;
			knownRegions = (
				en,
				Base,
			);
			mainGroup = 29791BF31F8E01160022A6E5;
			productRefGroup = 29791BFD1F8E01160022A6E5 /* Products */;
			projectDirPath = "";
			projectRoot = "";
			targets = (
				29791BFB1F8E01160022A6E5 /* CustomCamera */,
				29791C131F8E01160022A6E5 /* CustomCameraTests */,
				29791C1E1F8E01160022A6E5 /* CustomCameraUITests */,
			);
		};
/* End PBXProject section */

/* Begin PBXResourcesBuildPhase section */
		29791BFA1F8E01160022A6E5 /* Resources */ = {
			isa = PBXResourcesBuildPhase;
			buildActionMask = 2147483647;
			files = (
				29791C0C1F8E01160022A6E5 /* LaunchScreen.storyboard in Resources */,
				29791C091F8E01160022A6E5 /* Assets.xcassets in Resources */,
				29791C071F8E01160022A6E5 /* Main.storyboard in Resources */,
			);
			runOnlyForDeploymentPostprocessing = 0;
		};
		29791C121F8E01160022A6E5 /* Resources */ = {
			isa = PBXResourcesBuildPhase;
			buildActionMask = 2147483647;
			files = (
			);
			runOnlyForDeploymentPostprocessing = 0;
		};
		29791C1D1F8E01160022A6E5 /* Resources */ = {
			isa = PBXResourcesBuildPhase;
			buildActionMask = 2147483647;
			files = (
			);
			runOnlyForDeploymentPostprocessing = 0;
		};
/* End PBXResourcesBuildPhase section */

/* Begin PBXShellScriptBuildPhase section */
		04917F018572956A0C1B3604 /* [CP] Embed Pods Frameworks */ = {
			isa = PBXShellScriptBuildPhase;
			buildActionMask = 2147483647;
			files = (
			);
			inputPaths = (
			);
			name = "[CP] Embed Pods Frameworks";
			outputPaths = (
			);
			runOnlyForDeploymentPostprocessing = 0;
			shellPath = /bin/sh;
			shellScript = "\"${SRCROOT}/Pods/Target Support Files/Pods-CustomCamera/Pods-CustomCamera-frameworks.sh\"\n";
			showEnvVarsInLog = 0;
		};
		0BB942C3060C2C08FE6FFFC6 /* [CP] Copy Pods Resources */ = {
			isa = PBXShellScriptBuildPhase;
			buildActionMask = 2147483647;
			files = (
			);
			inputPaths = (
			);
			name = "[CP] Copy Pods Resources";
			outputPaths = (
			);
			runOnlyForDeploymentPostprocessing = 0;
			shellPath = /bin/sh;
			shellScript = "\"${SRCROOT}/Pods/Target Support Files/Pods-CustomCameraTests/Pods-CustomCameraTests-resources.sh\"\n";
			showEnvVarsInLog = 0;
		};
		45EB7D34325A9D48CD21F9C1 /* [CP] Check Pods Manifest.lock */ = {
			isa = PBXShellScriptBuildPhase;
			buildActionMask = 2147483647;
			files = (
			);
			inputPaths = (
				"${PODS_PODFILE_DIR_PATH}/Podfile.lock",
				"${PODS_ROOT}/Manifest.lock",
			);
			name = "[CP] Check Pods Manifest.lock";
			outputPaths = (
				"$(DERIVED_FILE_DIR)/Pods-CustomCamera-checkManifestLockResult.txt",
			);
			runOnlyForDeploymentPostprocessing = 0;
			shellPath = /bin/sh;
			shellScript = "diff \"${PODS_PODFILE_DIR_PATH}/Podfile.lock\" \"${PODS_ROOT}/Manifest.lock\" > /dev/null\nif [ $? != 0 ] ; then\n    # print error to STDERR\n    echo \"error: The sandbox is not in sync with the Podfile.lock. Run 'pod install' or update your CocoaPods installation.\" >&2\n    exit 1\nfi\n# This output is used by Xcode 'outputs' to avoid re-running this script phase.\necho \"SUCCESS\" > \"${SCRIPT_OUTPUT_FILE_0}\"\n";
			showEnvVarsInLog = 0;
		};
		4BEC1DD795B28AF50C500B16 /* [CP] Check Pods Manifest.lock */ = {
			isa = PBXShellScriptBuildPhase;
			buildActionMask = 2147483647;
			files = (
			);
			inputPaths = (
				"${PODS_PODFILE_DIR_PATH}/Podfile.lock",
				"${PODS_ROOT}/Manifest.lock",
			);
			name = "[CP] Check Pods Manifest.lock";
			outputPaths = (
				"$(DERIVED_FILE_DIR)/Pods-CustomCameraUITests-checkManifestLockResult.txt",
			);
			runOnlyForDeploymentPostprocessing = 0;
			shellPath = /bin/sh;
			shellScript = "diff \"${PODS_PODFILE_DIR_PATH}/Podfile.lock\" \"${PODS_ROOT}/Manifest.lock\" > /dev/null\nif [ $? != 0 ] ; then\n    # print error to STDERR\n    echo \"error: The sandbox is not in sync with the Podfile.lock. Run 'pod install' or update your CocoaPods installation.\" >&2\n    exit 1\nfi\n# This output is used by Xcode 'outputs' to avoid re-running this script phase.\necho \"SUCCESS\" > \"${SCRIPT_OUTPUT_FILE_0}\"\n";
			showEnvVarsInLog = 0;
		};
		58455392319AECA2ADA97335 /* [CP] Check Pods Manifest.lock */ = {
			isa = PBXShellScriptBuildPhase;
			buildActionMask = 2147483647;
			files = (
			);
			inputPaths = (
				"${PODS_PODFILE_DIR_PATH}/Podfile.lock",
				"${PODS_ROOT}/Manifest.lock",
			);
			name = "[CP] Check Pods Manifest.lock";
			outputPaths = (
				"$(DERIVED_FILE_DIR)/Pods-CustomCameraTests-checkManifestLockResult.txt",
			);
			runOnlyForDeploymentPostprocessing = 0;
			shellPath = /bin/sh;
			shellScript = "diff \"${PODS_PODFILE_DIR_PATH}/Podfile.lock\" \"${PODS_ROOT}/Manifest.lock\" > /dev/null\nif [ $? != 0 ] ; then\n    # print error to STDERR\n    echo \"error: The sandbox is not in sync with the Podfile.lock. Run 'pod install' or update your CocoaPods installation.\" >&2\n    exit 1\nfi\n# This output is used by Xcode 'outputs' to avoid re-running this script phase.\necho \"SUCCESS\" > \"${SCRIPT_OUTPUT_FILE_0}\"\n";
			showEnvVarsInLog = 0;
		};
		8B176F01A544240655732471 /* [CP] Embed Pods Frameworks */ = {
			isa = PBXShellScriptBuildPhase;
			buildActionMask = 2147483647;
			files = (
			);
			inputPaths = (
			);
			name = "[CP] Embed Pods Frameworks";
			outputPaths = (
			);
			runOnlyForDeploymentPostprocessing = 0;
			shellPath = /bin/sh;
			shellScript = "\"${SRCROOT}/Pods/Target Support Files/Pods-CustomCameraUITests/Pods-CustomCameraUITests-frameworks.sh\"\n";
			showEnvVarsInLog = 0;
		};
		A166FA45D8381633E32CA548 /* [CP] Embed Pods Frameworks */ = {
			isa = PBXShellScriptBuildPhase;
			buildActionMask = 2147483647;
			files = (
			);
			inputPaths = (
				"${SRCROOT}/Pods/Target Support Files/Pods-CustomCameraTests/Pods-CustomCameraTests-frameworks.sh",
				"${BUILT_PRODUCTS_DIR}/Masonry/Masonry.framework",
			);
			name = "[CP] Embed Pods Frameworks";
			outputPaths = (
				"${TARGET_BUILD_DIR}/${FRAMEWORKS_FOLDER_PATH}/Masonry.framework",
			);
			runOnlyForDeploymentPostprocessing = 0;
			shellPath = /bin/sh;
			shellScript = "\"${SRCROOT}/Pods/Target Support Files/Pods-CustomCameraTests/Pods-CustomCameraTests-frameworks.sh\"\n";
			showEnvVarsInLog = 0;
		};
		EE2F59A030444C9411674821 /* [CP] Copy Pods Resources */ = {
			isa = PBXShellScriptBuildPhase;
			buildActionMask = 2147483647;
			files = (
			);
			inputPaths = (
			);
			name = "[CP] Copy Pods Resources";
			outputPaths = (
			);
			runOnlyForDeploymentPostprocessing = 0;
			shellPath = /bin/sh;
			shellScript = "\"${SRCROOT}/Pods/Target Support Files/Pods-CustomCameraUITests/Pods-CustomCameraUITests-resources.sh\"\n";
			showEnvVarsInLog = 0;
		};
		F0B6944C618B100B6AFB3FDE /* [CP] Copy Pods Resources */ = {
			isa = PBXShellScriptBuildPhase;
			buildActionMask = 2147483647;
			files = (
			);
			inputPaths = (
			);
			name = "[CP] Copy Pods Resources";
			outputPaths = (
			);
			runOnlyForDeploymentPostprocessing = 0;
			shellPath = /bin/sh;
			shellScript = "\"${SRCROOT}/Pods/Target Support Files/Pods-CustomCamera/Pods-CustomCamera-resources.sh\"\n";
			showEnvVarsInLog = 0;
		};
/* End PBXShellScriptBuildPhase section */

/* Begin PBXSourcesBuildPhase section */
		29791BF81F8E01160022A6E5 /* Sources */ = {
			isa = PBXSourcesBuildPhase;
			buildActionMask = 2147483647;
			files = (
				29791C041F8E01160022A6E5 /* ViewController.m in Sources */,
				29791C0F1F8E01160022A6E5 /* main.m in Sources */,
				29791C011F8E01160022A6E5 /* AppDelegate.m in Sources */,
			);
			runOnlyForDeploymentPostprocessing = 0;
		};
		29791C101F8E01160022A6E5 /* Sources */ = {
			isa = PBXSourcesBuildPhase;
			buildActionMask = 2147483647;
			files = (
				29791C191F8E01160022A6E5 /* CustomCameraTests.m in Sources */,
			);
			runOnlyForDeploymentPostprocessing = 0;
		};
		29791C1B1F8E01160022A6E5 /* Sources */ = {
			isa = PBXSourcesBuildPhase;
			buildActionMask = 2147483647;
			files = (
				29791C241F8E01160022A6E5 /* CustomCameraUITests.m in Sources */,
			);
			runOnlyForDeploymentPostprocessing = 0;
		};
/* End PBXSourcesBuildPhase section */

/* Begin PBXTargetDependency section */
		29791C161F8E01160022A6E5 /* PBXTargetDependency */ = {
			isa = PBXTargetDependency;
			target = 29791BFB1F8E01160022A6E5 /* CustomCamera */;
			targetProxy = 29791C151F8E01160022A6E5 /* PBXContainerItemProxy */;
		};
		29791C211F8E01160022A6E5 /* PBXTargetDependency */ = {
			isa = PBXTargetDependency;
			target = 29791BFB1F8E01160022A6E5 /* CustomCamera */;
			targetProxy = 29791C201F8E01160022A6E5 /* PBXContainerItemProxy */;
		};
/* End PBXTargetDependency section */

/* Begin PBXVariantGroup section */
		29791C051F8E01160022A6E5 /* Main.storyboard */ = {
			isa = PBXVariantGroup;
			children = (
				29791C061F8E01160022A6E5 /* Base */,
			);
			name = Main.storyboard;
			sourceTree = "<group>";
		};
		29791C0A1F8E01160022A6E5 /* LaunchScreen.storyboard */ = {
			isa = PBXVariantGroup;
			children = (
				29791C0B1F8E01160022A6E5 /* Base */,
			);
			name = LaunchScreen.storyboard;
			sourceTree = "<group>";
		};
/* End PBXVariantGroup section */

/* Begin XCBuildConfiguration section */
		29791C261F8E01160022A6E5 /* Debug */ = {
			isa = XCBuildConfiguration;
			buildSettings = {
				ALWAYS_SEARCH_USER_PATHS = NO;
				CLANG_ANALYZER_NONNULL = YES;
				CLANG_ANALYZER_NUMBER_OBJECT_CONVERSION = YES_AGGRESSIVE;
				CLANG_CXX_LANGUAGE_STANDARD = "gnu++14";
				CLANG_CXX_LIBRARY = "libc++";
				CLANG_ENABLE_MODULES = YES;
				CLANG_ENABLE_OBJC_ARC = YES;
				CLANG_WARN_BLOCK_CAPTURE_AUTORELEASING = YES;
				CLANG_WARN_BOOL_CONVERSION = YES;
				CLANG_WARN_COMMA = YES;
				CLANG_WARN_CONSTANT_CONVERSION = YES;
				CLANG_WARN_DIRECT_OBJC_ISA_USAGE = YES_ERROR;
				CLANG_WARN_DOCUMENTATION_COMMENTS = YES;
				CLANG_WARN_EMPTY_BODY = YES;
				CLANG_WARN_ENUM_CONVERSION = YES;
				CLANG_WARN_INFINITE_RECURSION = YES;
				CLANG_WARN_INT_CONVERSION = YES;
				CLANG_WARN_NON_LITERAL_NULL_CONVERSION = YES;
				CLANG_WARN_OBJC_LITERAL_CONVERSION = YES;
				CLANG_WARN_OBJC_ROOT_CLASS = YES_ERROR;
				CLANG_WARN_RANGE_LOOP_ANALYSIS = YES;
				CLANG_WARN_STRICT_PROTOTYPES = YES;
				CLANG_WARN_SUSPICIOUS_MOVE = YES;
				CLANG_WARN_UNGUARDED_AVAILABILITY = YES_AGGRESSIVE;
				CLANG_WARN_UNREACHABLE_CODE = YES;
				CLANG_WARN__DUPLICATE_METHOD_MATCH = YES;
				CODE_SIGN_IDENTITY = "iPhone Developer";
				COPY_PHASE_STRIP = NO;
				DEBUG_INFORMATION_FORMAT = dwarf;
				ENABLE_STRICT_OBJC_MSGSEND = YES;
				ENABLE_TESTABILITY = YES;
				GCC_C_LANGUAGE_STANDARD = gnu11;
				GCC_DYNAMIC_NO_PIC = NO;
				GCC_NO_COMMON_BLOCKS = YES;
				GCC_OPTIMIZATION_LEVEL = 0;
				GCC_PREPROCESSOR_DEFINITIONS = (
					"DEBUG=1",
					"$(inherited)",
				);
				GCC_WARN_64_TO_32_BIT_CONVERSION = YES;
				GCC_WARN_ABOUT_RETURN_TYPE = YES_ERROR;
				GCC_WARN_UNDECLARED_SELECTOR = YES;
				GCC_WARN_UNINITIALIZED_AUTOS = YES_AGGRESSIVE;
				GCC_WARN_UNUSED_FUNCTION = YES;
				GCC_WARN_UNUSED_VARIABLE = YES;
				IPHONEOS_DEPLOYMENT_TARGET = 11.0;
				MTL_ENABLE_DEBUG_INFO = YES;
				ONLY_ACTIVE_ARCH = YES;
				SDKROOT = iphoneos;
			};
			name = Debug;
		};
		29791C271F8E01160022A6E5 /* Release */ = {
			isa = XCBuildConfiguration;
			buildSettings = {
				ALWAYS_SEARCH_USER_PATHS = NO;
				CLANG_ANALYZER_NONNULL = YES;
				CLANG_ANALYZER_NUMBER_OBJECT_CONVERSION = YES_AGGRESSIVE;
				CLANG_CXX_LANGUAGE_STANDARD = "gnu++14";
				CLANG_CXX_LIBRARY = "libc++";
				CLANG_ENABLE_MODULES = YES;
				CLANG_ENABLE_OBJC_ARC = YES;
				CLANG_WARN_BLOCK_CAPTURE_AUTORELEASING = YES;
				CLANG_WARN_BOOL_CONVERSION = YES;
				CLANG_WARN_COMMA = YES;
				CLANG_WARN_CONSTANT_CONVERSION = YES;
				CLANG_WARN_DIRECT_OBJC_ISA_USAGE = YES_ERROR;
				CLANG_WARN_DOCUMENTATION_COMMENTS = YES;
				CLANG_WARN_EMPTY_BODY = YES;
				CLANG_WARN_ENUM_CONVERSION = YES;
				CLANG_WARN_INFINITE_RECURSION = YES;
				CLANG_WARN_INT_CONVERSION = YES;
				CLANG_WARN_NON_LITERAL_NULL_CONVERSION = YES;
				CLANG_WARN_OBJC_LITERAL_CONVERSION = YES;
				CLANG_WARN_OBJC_ROOT_CLASS = YES_ERROR;
				CLANG_WARN_RANGE_LOOP_ANALYSIS = YES;
				CLANG_WARN_STRICT_PROTOTYPES = YES;
				CLANG_WARN_SUSPICIOUS_MOVE = YES;
				CLANG_WARN_UNGUARDED_AVAILABILITY = YES_AGGRESSIVE;
				CLANG_WARN_UNREACHABLE_CODE = YES;
				CLANG_WARN__DUPLICATE_METHOD_MATCH = YES;
				CODE_SIGN_IDENTITY = "iPhone Developer";
				COPY_PHASE_STRIP = NO;
				DEBUG_INFORMATION_FORMAT = "dwarf-with-dsym";
				ENABLE_NS_ASSERTIONS = NO;
				ENABLE_STRICT_OBJC_MSGSEND = YES;
				GCC_C_LANGUAGE_STANDARD = gnu11;
				GCC_NO_COMMON_BLOCKS = YES;
				GCC_WARN_64_TO_32_BIT_CONVERSION = YES;
				GCC_WARN_ABOUT_RETURN_TYPE = YES_ERROR;
				GCC_WARN_UNDECLARED_SELECTOR = YES;
				GCC_WARN_UNINITIALIZED_AUTOS = YES_AGGRESSIVE;
				GCC_WARN_UNUSED_FUNCTION = YES;
				GCC_WARN_UNUSED_VARIABLE = YES;
				IPHONEOS_DEPLOYMENT_TARGET = 11.0;
				MTL_ENABLE_DEBUG_INFO = NO;
				SDKROOT = iphoneos;
				VALIDATE_PRODUCT = YES;
			};
			name = Release;
		};
		29791C291F8E01160022A6E5 /* Debug */ = {
			isa = XCBuildConfiguration;
			baseConfigurationReference = CDA5A299A729819C1C9392D9 /* Pods-CustomCamera.debug.xcconfig */;
			buildSettings = {
				ASSETCATALOG_COMPILER_APPICON_NAME = AppIcon;
				CODE_SIGN_STYLE = Automatic;
				INFOPLIST_FILE = CustomCamera/Info.plist;
				LD_RUNPATH_SEARCH_PATHS = "$(inherited) @executable_path/Frameworks";
				PRODUCT_BUNDLE_IDENTIFIER = com.aika.skj.CustomCamera;
				PRODUCT_NAME = "$(TARGET_NAME)";
				TARGETED_DEVICE_FAMILY = "1,2";
			};
			name = Debug;
		};
		29791C2A1F8E01160022A6E5 /* Release */ = {
			isa = XCBuildConfiguration;
			baseConfigurationReference = 83C295C29418BA70EEA4CAE8 /* Pods-CustomCamera.release.xcconfig */;
			buildSettings = {
				ASSETCATALOG_COMPILER_APPICON_NAME = AppIcon;
				CODE_SIGN_STYLE = Automatic;
				INFOPLIST_FILE = CustomCamera/Info.plist;
				LD_RUNPATH_SEARCH_PATHS = "$(inherited) @executable_path/Frameworks";
				PRODUCT_BUNDLE_IDENTIFIER = com.aika.skj.CustomCamera;
				PRODUCT_NAME = "$(TARGET_NAME)";
				TARGETED_DEVICE_FAMILY = "1,2";
			};
			name = Release;
		};
		29791C2C1F8E01160022A6E5 /* Debug */ = {
			isa = XCBuildConfiguration;
			baseConfigurationReference = 02A8600E4F13E967D6C029C0 /* Pods-CustomCameraTests.debug.xcconfig */;
			buildSettings = {
				BUNDLE_LOADER = "$(TEST_HOST)";
				CODE_SIGN_STYLE = Automatic;
				INFOPLIST_FILE = CustomCameraTests/Info.plist;
				LD_RUNPATH_SEARCH_PATHS = "$(inherited) @executable_path/Frameworks @loader_path/Frameworks";
				PRODUCT_BUNDLE_IDENTIFIER = com.aika.skj.CustomCameraTests;
				PRODUCT_NAME = "$(TARGET_NAME)";
				TARGETED_DEVICE_FAMILY = "1,2";
				TEST_HOST = "$(BUILT_PRODUCTS_DIR)/CustomCamera.app/CustomCamera";
			};
			name = Debug;
		};
		29791C2D1F8E01160022A6E5 /* Release */ = {
			isa = XCBuildConfiguration;
			baseConfigurationReference = 0907D0220E3FEB01872809A0 /* Pods-CustomCameraTests.release.xcconfig */;
			buildSettings = {
				BUNDLE_LOADER = "$(TEST_HOST)";
				CODE_SIGN_STYLE = Automatic;
				INFOPLIST_FILE = CustomCameraTests/Info.plist;
				LD_RUNPATH_SEARCH_PATHS = "$(inherited) @executable_path/Frameworks @loader_path/Frameworks";
				PRODUCT_BUNDLE_IDENTIFIER = com.aika.skj.CustomCameraTests;
				PRODUCT_NAME = "$(TARGET_NAME)";
				TARGETED_DEVICE_FAMILY = "1,2";
				TEST_HOST = "$(BUILT_PRODUCTS_DIR)/CustomCamera.app/CustomCamera";
			};
			name = Release;
		};
		29791C2F1F8E01160022A6E5 /* Debug */ = {
			isa = XCBuildConfiguration;
			baseConfigurationReference = FA6EA1965FC442A8C4E5D815 /* Pods-CustomCameraUITests.debug.xcconfig */;
			buildSettings = {
				CODE_SIGN_STYLE = Automatic;
				INFOPLIST_FILE = CustomCameraUITests/Info.plist;
				LD_RUNPATH_SEARCH_PATHS = "$(inherited) @executable_path/Frameworks @loader_path/Frameworks";
				PRODUCT_BUNDLE_IDENTIFIER = com.aika.skj.CustomCameraUITests;
				PRODUCT_NAME = "$(TARGET_NAME)";
				TARGETED_DEVICE_FAMILY = "1,2";
				TEST_TARGET_NAME = CustomCamera;
			};
			name = Debug;
		};
		29791C301F8E01160022A6E5 /* Release */ = {
			isa = XCBuildConfiguration;
			baseConfigurationReference = 0A1207525D0984C629A298B0 /* Pods-CustomCameraUITests.release.xcconfig */;
			buildSettings = {
				CODE_SIGN_STYLE = Automatic;
				INFOPLIST_FILE = CustomCameraUITests/Info.plist;
				LD_RUNPATH_SEARCH_PATHS = "$(inherited) @executable_path/Frameworks @loader_path/Frameworks";
				PRODUCT_BUNDLE_IDENTIFIER = com.aika.skj.CustomCameraUITests;
				PRODUCT_NAME = "$(TARGET_NAME)";
				TARGETED_DEVICE_FAMILY = "1,2";
				TEST_TARGET_NAME = CustomCamera;
			};
			name = Release;
		};
/* End XCBuildConfiguration section */

/* Begin XCConfigurationList section */
		29791BF71F8E01160022A6E5 /* Build configuration list for PBXProject "CustomCamera" */ = {
			isa = XCConfigurationList;
			buildConfigurations = (
				29791C261F8E01160022A6E5 /* Debug */,
				29791C271F8E01160022A6E5 /* Release */,
			);
			defaultConfigurationIsVisible = 0;
			defaultConfigurationName = Release;
		};
		29791C281F8E01160022A6E5 /* Build configuration list for PBXNativeTarget "CustomCamera" */ = {
			isa = XCConfigurationList;
			buildConfigurations = (
				29791C291F8E01160022A6E5 /* Debug */,
				29791C2A1F8E01160022A6E5 /* Release */,
			);
			defaultConfigurationIsVisible = 0;
			defaultConfigurationName = Release;
		};
		29791C2B1F8E01160022A6E5 /* Build configuration list for PBXNativeTarget "CustomCameraTests" */ = {
			isa = XCConfigurationList;
			buildConfigurations = (
				29791C2C1F8E01160022A6E5 /* Debug */,
				29791C2D1F8E01160022A6E5 /* Release */,
			);
			defaultConfigurationIsVisible = 0;
			defaultConfigurationName = Release;
		};
		29791C2E1F8E01160022A6E5 /* Build configuration list for PBXNativeTarget "CustomCameraUITests" */ = {
			isa = XCConfigurationList;
			buildConfigurations = (
				29791C2F1F8E01160022A6E5 /* Debug */,
				29791C301F8E01160022A6E5 /* Release */,
			);
			defaultConfigurationIsVisible = 0;
			defaultConfigurationName = Release;
		};
/* End XCConfigurationList section */
	};
	rootObject = 29791BF41F8E01160022A6E5 /* Project object */;
}
